
Microsoft Visual Studio Solution File, Format Version 12.00
# Visual Studio 2013
VisualStudioVersion = 12.0.30723.0
MinimumVisualStudioVersion = 10.0.40219.1
Project("{FAE04EC0-301F-11D3-BF4B-00C04F79EFBC}") = "Model", "Model\Model.csproj", "{802487D2-A28A-4E96-A345-522198455CF0}"
EndProject
Project("{FAE04EC0-301F-11D3-BF4B-00C04F79EFBC}") = "UnitTest", "UnitTest\UnitTest.csproj", "{3DB5090C-7EF5-4A55-8EC8-2D78F1251C5B}"
EndProject
Global
	GlobalSection(SubversionScc) = preSolution
		Svn-Managed = True
		Manager = AnkhSVN - Subversion Support for Visual Studio
	EndGlobalSection
	GlobalSection(SolutionConfigurationPlatforms) = preSolution
		Debug|Any CPU = Debug|Any CPU
		Release|Any CPU = Release|Any CPU
	EndGlobalSection
	GlobalSection(ProjectConfigurationPlatforms) = postSolution
		{802487D2-A28A-4E96-A345-522198455CF0}.Debug|Any CPU.ActiveCfg = Debug|Any CPU
		{802487D2-A28A-4E96-A345-522198455CF0}.Debug|Any CPU.Build.0 = Debug|Any CPU
		{802487D2-A28A-4E96-A345-522198455CF0}.Release|Any CPU.ActiveCfg = Release|Any CPU
		{802487D2-A28A-4E96-A345-522198455CF0}.Release|Any CPU.Build.0 = Release|Any CPU
		{3DB5090C-7EF5-4A55-8EC8-2D78F1251C5B}.Debug|Any CPU.ActiveCfg = Debug|Any CPU
		{3DB5090C-7EF5-4A55-8EC8-2D78F1251C5B}.Debug|Any CPU.Build.0 = Debug|Any CPU
		{3DB5090C-7EF5-4A55-8EC8-2D78F1251C5B}.Release|Any CPU.ActiveCfg = Release|Any CPU
		{3DB5090C-7EF5-4A55-8EC8-2D78F1251C5B}.Release|Any CPU.Build.0 = Release|Any CPU
	EndGlobalSection
	GlobalSection(SolutionProperties) = preSolution
		HideSolutionNode = FALSE
	EndGlobalSection
EndGlobal
